
Microsoft Visual Studio Solution File, Format Version 12.00
# Visual Studio 15
VisualStudioVersion = 15.0.28307.136
MinimumVisualStudioVersion = 10.0.40219.1
Project("{FAE04EC0-301F-11D3-BF4B-00C04F79EFBC}") = "DBContactTest", "DBContactTest\DBContactTest.csproj", "{A68E8B38-BB83-4058-9B61-A2F82829E8B4}"
EndProject
Project("{FAE04EC0-301F-11D3-BF4B-00C04F79EFBC}") = "DBContactLibrary", "DBContactLibrary\DBContactLibrary.csproj", "{A803C4E1-5EBA-414A-8A32-C381514EB2D8}"
EndProject
Global
	GlobalSection(SolutionConfigurationPlatforms) = preSolution
		Debug|Any CPU = Debug|Any CPU
		Release|Any CPU = Release|Any CPU
	EndGlobalSection
	GlobalSection(ProjectConfigurationPlatforms) = postSolution
		{A68E8B38-BB83-4058-9B61-A2F82829E8B4}.Debug|Any CPU.ActiveCfg = Debug|Any CPU
		{A68E8B38-BB83-4058-9B61-A2F82829E8B4}.Debug|Any CPU.Build.0 = Debug|Any CPU
		{A68E8B38-BB83-4058-9B61-A2F82829E8B4}.Release|Any CPU.ActiveCfg = Release|Any CPU
		{A68E8B38-BB83-4058-9B61-A2F82829E8B4}.Release|Any CPU.Build.0 = Release|Any CPU
		{A803C4E1-5EBA-414A-8A32-C381514EB2D8}.Debug|Any CPU.ActiveCfg = Debug|Any CPU
		{A803C4E1-5EBA-414A-8A32-C381514EB2D8}.Debug|Any CPU.Build.0 = Debug|Any CPU
		{A803C4E1-5EBA-414A-8A32-C381514EB2D8}.Release|Any CPU.ActiveCfg = Release|Any CPU
		{A803C4E1-5EBA-414A-8A32-C381514EB2D8}.Release|Any CPU.Build.0 = Release|Any CPU
	EndGlobalSection
	GlobalSection(SolutionProperties) = preSolution
		HideSolutionNode = FALSE
	EndGlobalSection
	GlobalSection(ExtensibilityGlobals) = postSolution
		SolutionGuid = {B0175F98-FB3F-4D01-88A6-F0CEA0999208}
	EndGlobalSection
EndGlobal
